
Microsoft Visual Studio Solution File, Format Version 12.00
# Visual Studio 15
VisualStudioVersion = 15.0.28307.779
MinimumVisualStudioVersion = 10.0.40219.1
Project("{FAE04EC0-301F-11D3-BF4B-00C04F79EFBC}") = "App-01", "App-01\App-01.csproj", "{28C44674-38F6-4630-896B-A4D23E87EBBB}"
EndProject
Project("{FAE04EC0-301F-11D3-BF4B-00C04F79EFBC}") = "App-02", "App-02\App-02.csproj", "{97BBA26F-83E9-44F3-BB32-DE0F02851094}"
EndProject
Project("{FAE04EC0-301F-11D3-BF4B-00C04F79EFBC}") = "App-03", "App-03\App-03.csproj", "{050283FC-EA62-41C4-A85D-06B04DD93F94}"
EndProject
Global
	GlobalSection(SolutionConfigurationPlatforms) = preSolution
		Debug|Any CPU = Debug|Any CPU
		Release|Any CPU = Release|Any CPU
	EndGlobalSection
	GlobalSection(ProjectConfigurationPlatforms) = postSolution
		{28C44674-38F6-4630-896B-A4D23E87EBBB}.Debug|Any CPU.ActiveCfg = Debug|Any CPU
		{28C44674-38F6-4630-896B-A4D23E87EBBB}.Debug|Any CPU.Build.0 = Debug|Any CPU
		{28C44674-38F6-4630-896B-A4D23E87EBBB}.Release|Any CPU.ActiveCfg = Release|Any CPU
		{28C44674-38F6-4630-896B-A4D23E87EBBB}.Release|Any CPU.Build.0 = Release|Any CPU
		{97BBA26F-83E9-44F3-BB32-DE0F02851094}.Debug|Any CPU.ActiveCfg = Debug|Any CPU
		{97BBA26F-83E9-44F3-BB32-DE0F02851094}.Debug|Any CPU.Build.0 = Debug|Any CPU
		{97BBA26F-83E9-44F3-BB32-DE0F02851094}.Release|Any CPU.ActiveCfg = Release|Any CPU
		{97BBA26F-83E9-44F3-BB32-DE0F02851094}.Release|Any CPU.Build.0 = Release|Any CPU
		{050283FC-EA62-41C4-A85D-06B04DD93F94}.Debug|Any CPU.ActiveCfg = Debug|Any CPU
		{050283FC-EA62-41C4-A85D-06B04DD93F94}.Debug|Any CPU.Build.0 = Debug|Any CPU
		{050283FC-EA62-41C4-A85D-06B04DD93F94}.Release|Any CPU.ActiveCfg = Release|Any CPU
		{050283FC-EA62-41C4-A85D-06B04DD93F94}.Release|Any CPU.Build.0 = Release|Any CPU
	EndGlobalSection
	GlobalSection(SolutionProperties) = preSolution
		HideSolutionNode = FALSE
	EndGlobalSection
	GlobalSection(ExtensibilityGlobals) = postSolution
		SolutionGuid = {4249D375-08CD-4DC1-B1BC-50BD7A3F3935}
	EndGlobalSection
EndGlobal
